// !$*UTF8*$!
{
	archiveVersion = 1;
	classes = {
	};
	objectVersion = 46;
	objects = {

/* Begin PBXBuildFile section */
		3F28F9081A84409100786801 /* APIController.swift in Sources */ = {isa = PBXBuildFile; fileRef = 3F28F9071A84409100786801 /* APIController.swift */; };
		3F61525F1A85BE8F00990F99 /* ImageLoader.swift in Sources */ = {isa = PBXBuildFile; fileRef = 3F61525D1A85BE8F00990F99 /* ImageLoader.swift */; };
		3F6152601A85BE8F00990F99 /* Photo.swift in Sources */ = {isa = PBXBuildFile; fileRef = 3F61525E1A85BE8F00990F99 /* Photo.swift */; };
		3F6152631A85CB6300990F99 /* startImage.png in Resources */ = {isa = PBXBuildFile; fileRef = 3F6152621A85CB6300990F99 /* startImage.png */; };
		3FF8CAF71A86C12E0067D0B2 /* OwlLogo.jpg in Resources */ = {isa = PBXBuildFile; fileRef = 3FF8CAF61A86C12E0067D0B2 /* OwlLogo.jpg */; };
		3FF8CB081A86CD0B0067D0B2 /* earthButton.png in Resources */ = {isa = PBXBuildFile; fileRef = 3FF8CB071A86CD0B0067D0B2 /* earthButton.png */; };
		3FF8CB0D1A870DB20067D0B2 /* searchButton.png in Resources */ = {isa = PBXBuildFile; fileRef = 3FF8CB0C1A870DB20067D0B2 /* searchButton.png */; };
		3FF8CB131A8716B40067D0B2 /* OwlLogoNoBackground-01-1.png in Resources */ = {isa = PBXBuildFile; fileRef = 3FF8CB121A8716B40067D0B2 /* OwlLogoNoBackground-01-1.png */; };
		70D334091A83BAE2006A86D1 /* AppDelegate.swift in Sources */ = {isa = PBXBuildFile; fileRef = 70D334081A83BAE2006A86D1 /* AppDelegate.swift */; };
		70D3340C1A83BAE2006A86D1 /* owlr.xcdatamodeld in Sources */ = {isa = PBXBuildFile; fileRef = 70D3340A1A83BAE2006A86D1 /* owlr.xcdatamodeld */; };
		70D3340E1A83BAE3006A86D1 /* ViewController.swift in Sources */ = {isa = PBXBuildFile; fileRef = 70D3340D1A83BAE2006A86D1 /* ViewController.swift */; };
		70D334111A83BAE3006A86D1 /* Main.storyboard in Resources */ = {isa = PBXBuildFile; fileRef = 70D3340F1A83BAE3006A86D1 /* Main.storyboard */; };
		70D334131A83BAE3006A86D1 /* Images.xcassets in Resources */ = {isa = PBXBuildFile; fileRef = 70D334121A83BAE3006A86D1 /* Images.xcassets */; };
		70D334161A83BAE3006A86D1 /* LaunchScreen.xib in Resources */ = {isa = PBXBuildFile; fileRef = 70D334141A83BAE3006A86D1 /* LaunchScreen.xib */; };
		70D334221A83BAE3006A86D1 /* owlrTests.swift in Sources */ = {isa = PBXBuildFile; fileRef = 70D334211A83BAE3006A86D1 /* owlrTests.swift */; };
		70D3342C1A8442E0006A86D1 /* CoreLocation.framework in Frameworks */ = {isa = PBXBuildFile; fileRef = 70D3342B1A8442E0006A86D1 /* CoreLocation.framework */; };
		70D3343F1A844DB3006A86D1 /* SwifteriOS.framework in Frameworks */ = {isa = PBXBuildFile; fileRef = 70D334381A844D83006A86D1 /* SwifteriOS.framework */; };
		70D334451A847664006A86D1 /* checkers.png in Resources */ = {isa = PBXBuildFile; fileRef = 70D334431A847664006A86D1 /* checkers.png */; };
		70D334461A847664006A86D1 /* imageNotFound.png in Resources */ = {isa = PBXBuildFile; fileRef = 70D334441A847664006A86D1 /* imageNotFound.png */; };
		70D5B6CB1A86C4590037F137 /* MapKit.framework in Frameworks */ = {isa = PBXBuildFile; fileRef = 70D5B6CA1A86C4590037F137 /* MapKit.framework */; };
		70D5B6D41A86C6810037F137 /* SettingsViewController.swift in Sources */ = {isa = PBXBuildFile; fileRef = 70D5B6D31A86C6810037F137 /* SettingsViewController.swift */; };
		70D5B6DB1A86EFD00037F137 /* SwifteriOS.framework in Frameworks */ = {isa = PBXBuildFile; fileRef = 70D334381A844D83006A86D1 /* SwifteriOS.framework */; };
		70D5B6DC1A86EFD00037F137 /* SwifteriOS.framework in Embed Frameworks */ = {isa = PBXBuildFile; fileRef = 70D334381A844D83006A86D1 /* SwifteriOS.framework */; settings = {ATTRIBUTES = (CodeSignOnCopy, RemoveHeadersOnCopy, ); }; };
		70D5B7181A88279F0037F137 /* OAuthSwift.framework in Frameworks */ = {isa = PBXBuildFile; fileRef = 70D5B7141A88277A0037F137 /* OAuthSwift.framework */; };
		70D5B7191A88279F0037F137 /* OAuthSwift.framework in Embed Frameworks */ = {isa = PBXBuildFile; fileRef = 70D5B7141A88277A0037F137 /* OAuthSwift.framework */; settings = {ATTRIBUTES = (CodeSignOnCopy, RemoveHeadersOnCopy, ); }; };
/* End PBXBuildFile section */

/* Begin PBXContainerItemProxy section */
		70D3341C1A83BAE3006A86D1 /* PBXContainerItemProxy */ = {
			isa = PBXContainerItemProxy;
			containerPortal = 70D333FB1A83BAE2006A86D1 /* Project object */;
			proxyType = 1;
			remoteGlobalIDString = 70D334021A83BAE2006A86D1;
			remoteInfo = owlr;
		};
		70D334351A844D83006A86D1 /* PBXContainerItemProxy */ = {
			isa = PBXContainerItemProxy;
			containerPortal = 70D3342D1A844D83006A86D1 /* Swifter.xcodeproj */;
			proxyType = 2;
			remoteGlobalIDString = 8B300C1F1944AA1A00993175;
			remoteInfo = SwifterDemoiOS;
		};
		70D334371A844D83006A86D1 /* PBXContainerItemProxy */ = {
			isa = PBXContainerItemProxy;
			containerPortal = 70D3342D1A844D83006A86D1 /* Swifter.xcodeproj */;
			proxyType = 2;
			remoteGlobalIDString = 8B9F50EE1944A5AB00894629;
			remoteInfo = SwifteriOS;
		};
		70D334391A844D83006A86D1 /* PBXContainerItemProxy */ = {
			isa = PBXContainerItemProxy;
			containerPortal = 70D3342D1A844D83006A86D1 /* Swifter.xcodeproj */;
			proxyType = 2;
			remoteGlobalIDString = 8B9F51131944A61D00894629;
			remoteInfo = SwifterMac;
		};
		70D3343B1A844D83006A86D1 /* PBXContainerItemProxy */ = {
			isa = PBXContainerItemProxy;
			containerPortal = 70D3342D1A844D83006A86D1 /* Swifter.xcodeproj */;
			proxyType = 2;
			remoteGlobalIDString = 8B300C471944AECB00993175;
			remoteInfo = SwifterDemoMac;
		};
		70D3343D1A844D83006A86D1 /* PBXContainerItemProxy */ = {
			isa = PBXContainerItemProxy;
			containerPortal = 70D3342D1A844D83006A86D1 /* Swifter.xcodeproj */;
			proxyType = 2;
			remoteGlobalIDString = 8B300C5A1944AECB00993175;
			remoteInfo = SwifterDemoMacTests;
		};
		70D5B6DD1A86EFD00037F137 /* PBXContainerItemProxy */ = {
			isa = PBXContainerItemProxy;
			containerPortal = 70D3342D1A844D83006A86D1 /* Swifter.xcodeproj */;
			proxyType = 1;
			remoteGlobalIDString = 8B9F50ED1944A5AB00894629;
			remoteInfo = SwifteriOS;
		};
		70D5B7111A88277A0037F137 /* PBXContainerItemProxy */ = {
			isa = PBXContainerItemProxy;
			containerPortal = 70D5B70C1A8827790037F137 /* OAuthSwift.xcodeproj */;
			proxyType = 2;
			remoteGlobalIDString = F451E3C5195B8CD80051434C;
			remoteInfo = OAuthSwiftDemo;
		};
		70D5B7131A88277A0037F137 /* PBXContainerItemProxy */ = {
			isa = PBXContainerItemProxy;
			containerPortal = 70D5B70C1A8827790037F137 /* OAuthSwift.xcodeproj */;
			proxyType = 2;
			remoteGlobalIDString = F435027A1A6791B200038A29;
			remoteInfo = OAuthSwift;
		};
		70D5B71A1A88279F0037F137 /* PBXContainerItemProxy */ = {
			isa = PBXContainerItemProxy;
			containerPortal = 70D5B70C1A8827790037F137 /* OAuthSwift.xcodeproj */;
			proxyType = 1;
			remoteGlobalIDString = F43502791A6791B200038A29;
			remoteInfo = OAuthSwift;
		};
/* End PBXContainerItemProxy section */

/* Begin PBXCopyFilesBuildPhase section */
		70D5B6DF1A86EFD00037F137 /* Embed Frameworks */ = {
			isa = PBXCopyFilesBuildPhase;
			buildActionMask = 2147483647;
			dstPath = "";
			dstSubfolderSpec = 10;
			files = (
				70D5B7191A88279F0037F137 /* OAuthSwift.framework in Embed Frameworks */,
				70D5B6DC1A86EFD00037F137 /* SwifteriOS.framework in Embed Frameworks */,
			);
			name = "Embed Frameworks";
			runOnlyForDeploymentPostprocessing = 0;
		};
/* End PBXCopyFilesBuildPhase section */

/* Begin PBXFileReference section */
		3F28F9071A84409100786801 /* APIController.swift */ = {isa = PBXFileReference; fileEncoding = 4; lastKnownFileType = sourcecode.swift; path = APIController.swift; sourceTree = "<group>"; };
		3F61525D1A85BE8F00990F99 /* ImageLoader.swift */ = {isa = PBXFileReference; fileEncoding = 4; lastKnownFileType = sourcecode.swift; path = ImageLoader.swift; sourceTree = "<group>"; };
		3F61525E1A85BE8F00990F99 /* Photo.swift */ = {isa = PBXFileReference; fileEncoding = 4; lastKnownFileType = sourcecode.swift; path = Photo.swift; sourceTree = "<group>"; };
		3F6152621A85CB6300990F99 /* startImage.png */ = {isa = PBXFileReference; lastKnownFileType = image.png; path = startImage.png; sourceTree = "<group>"; };
		3FF8CAF61A86C12E0067D0B2 /* OwlLogo.jpg */ = {isa = PBXFileReference; lastKnownFileType = image.jpeg; path = OwlLogo.jpg; sourceTree = "<group>"; };
		3FF8CB071A86CD0B0067D0B2 /* earthButton.png */ = {isa = PBXFileReference; lastKnownFileType = image.png; path = earthButton.png; sourceTree = "<group>"; };
		3FF8CB0C1A870DB20067D0B2 /* searchButton.png */ = {isa = PBXFileReference; lastKnownFileType = image.png; path = searchButton.png; sourceTree = "<group>"; };
		3FF8CB121A8716B40067D0B2 /* OwlLogoNoBackground-01-1.png */ = {isa = PBXFileReference; lastKnownFileType = image.png; path = "OwlLogoNoBackground-01-1.png"; sourceTree = "<group>"; };
		70D334031A83BAE2006A86D1 /* owlr.app */ = {isa = PBXFileReference; explicitFileType = wrapper.application; includeInIndex = 0; path = owlr.app; sourceTree = BUILT_PRODUCTS_DIR; };
		70D334071A83BAE2006A86D1 /* Info.plist */ = {isa = PBXFileReference; lastKnownFileType = text.plist.xml; path = Info.plist; sourceTree = "<group>"; };
		70D334081A83BAE2006A86D1 /* AppDelegate.swift */ = {isa = PBXFileReference; lastKnownFileType = sourcecode.swift; path = AppDelegate.swift; sourceTree = "<group>"; };
		70D3340B1A83BAE2006A86D1 /* owlr.xcdatamodel */ = {isa = PBXFileReference; lastKnownFileType = wrapper.xcdatamodel; path = owlr.xcdatamodel; sourceTree = "<group>"; };
		70D3340D1A83BAE2006A86D1 /* ViewController.swift */ = {isa = PBXFileReference; lastKnownFileType = sourcecode.swift; path = ViewController.swift; sourceTree = "<group>"; };
		70D334101A83BAE3006A86D1 /* Base */ = {isa = PBXFileReference; lastKnownFileType = file.storyboard; name = Base; path = Base.lproj/Main.storyboard; sourceTree = "<group>"; };
		70D334121A83BAE3006A86D1 /* Images.xcassets */ = {isa = PBXFileReference; lastKnownFileType = folder.assetcatalog; path = Images.xcassets; sourceTree = "<group>"; };
		70D334151A83BAE3006A86D1 /* Base */ = {isa = PBXFileReference; lastKnownFileType = file.xib; name = Base; path = Base.lproj/LaunchScreen.xib; sourceTree = "<group>"; };
		70D3341B1A83BAE3006A86D1 /* owlrTests.xctest */ = {isa = PBXFileReference; explicitFileType = wrapper.cfbundle; includeInIndex = 0; path = owlrTests.xctest; sourceTree = BUILT_PRODUCTS_DIR; };
		70D334201A83BAE3006A86D1 /* Info.plist */ = {isa = PBXFileReference; lastKnownFileType = text.plist.xml; path = Info.plist; sourceTree = "<group>"; };
		70D334211A83BAE3006A86D1 /* owlrTests.swift */ = {isa = PBXFileReference; lastKnownFileType = sourcecode.swift; path = owlrTests.swift; sourceTree = "<group>"; };
		70D3342B1A8442E0006A86D1 /* CoreLocation.framework */ = {isa = PBXFileReference; lastKnownFileType = wrapper.framework; name = CoreLocation.framework; path = System/Library/Frameworks/CoreLocation.framework; sourceTree = SDKROOT; };
		70D3342D1A844D83006A86D1 /* Swifter.xcodeproj */ = {isa = PBXFileReference; lastKnownFileType = "wrapper.pb-project"; name = Swifter.xcodeproj; path = "Swifter-master/Swifter.xcodeproj"; sourceTree = "<group>"; };
		70D334431A847664006A86D1 /* checkers.png */ = {isa = PBXFileReference; lastKnownFileType = image.png; path = checkers.png; sourceTree = "<group>"; };
		70D334441A847664006A86D1 /* imageNotFound.png */ = {isa = PBXFileReference; lastKnownFileType = image.png; path = imageNotFound.png; sourceTree = "<group>"; };
		70D5B6CA1A86C4590037F137 /* MapKit.framework */ = {isa = PBXFileReference; lastKnownFileType = wrapper.framework; name = MapKit.framework; path = System/Library/Frameworks/MapKit.framework; sourceTree = SDKROOT; };
		70D5B6D31A86C6810037F137 /* SettingsViewController.swift */ = {isa = PBXFileReference; fileEncoding = 4; lastKnownFileType = sourcecode.swift; path = SettingsViewController.swift; sourceTree = "<group>"; };
		70D5B70C1A8827790037F137 /* OAuthSwift.xcodeproj */ = {isa = PBXFileReference; lastKnownFileType = "wrapper.pb-project"; name = OAuthSwift.xcodeproj; path = "OAuthSwift-master/OAuthSwift.xcodeproj"; sourceTree = "<group>"; };
/* End PBXFileReference section */

/* Begin PBXFrameworksBuildPhase section */
		70D334001A83BAE2006A86D1 /* Frameworks */ = {
			isa = PBXFrameworksBuildPhase;
			buildActionMask = 2147483647;
			files = (
				70D5B6CB1A86C4590037F137 /* MapKit.framework in Frameworks */,
				70D3343F1A844DB3006A86D1 /* SwifteriOS.framework in Frameworks */,
				70D3342C1A8442E0006A86D1 /* CoreLocation.framework in Frameworks */,
				70D5B6DB1A86EFD00037F137 /* SwifteriOS.framework in Frameworks */,
				70D5B7181A88279F0037F137 /* OAuthSwift.framework in Frameworks */,
			);
			runOnlyForDeploymentPostprocessing = 0;
		};
		70D334181A83BAE3006A86D1 /* Frameworks */ = {
			isa = PBXFrameworksBuildPhase;
			buildActionMask = 2147483647;
			files = (
			);
			runOnlyForDeploymentPostprocessing = 0;
		};
/* End PBXFrameworksBuildPhase section */

/* Begin PBXGroup section */
		70D333FA1A83BAE2006A86D1 = {
			isa = PBXGroup;
			children = (
				70D5B70C1A8827790037F137 /* OAuthSwift.xcodeproj */,
				70D5B6CA1A86C4590037F137 /* MapKit.framework */,
				70D3342D1A844D83006A86D1 /* Swifter.xcodeproj */,
				70D3342B1A8442E0006A86D1 /* CoreLocation.framework */,
				70D334051A83BAE2006A86D1 /* owlr */,
				70D3341E1A83BAE3006A86D1 /* owlrTests */,
				70D334041A83BAE2006A86D1 /* Products */,
			);
			sourceTree = "<group>";
		};
		70D334041A83BAE2006A86D1 /* Products */ = {
			isa = PBXGroup;
			children = (
				70D334031A83BAE2006A86D1 /* owlr.app */,
				70D3341B1A83BAE3006A86D1 /* owlrTests.xctest */,
			);
			name = Products;
			sourceTree = "<group>";
		};
		70D334051A83BAE2006A86D1 /* owlr */ = {
			isa = PBXGroup;
			children = (
				3F61525D1A85BE8F00990F99 /* ImageLoader.swift */,
				3F61525E1A85BE8F00990F99 /* Photo.swift */,
				70D334421A847664006A86D1 /* images */,
				70D334081A83BAE2006A86D1 /* AppDelegate.swift */,
				70D3340D1A83BAE2006A86D1 /* ViewController.swift */,
				70D3340F1A83BAE3006A86D1 /* Main.storyboard */,
				70D334121A83BAE3006A86D1 /* Images.xcassets */,
				70D334141A83BAE3006A86D1 /* LaunchScreen.xib */,
				70D3340A1A83BAE2006A86D1 /* owlr.xcdatamodeld */,
				70D334061A83BAE2006A86D1 /* Supporting Files */,
				3F28F9071A84409100786801 /* APIController.swift */,
				70D5B6D31A86C6810037F137 /* SettingsViewController.swift */,
			);
			path = owlr;
			sourceTree = "<group>";
		};
		70D334061A83BAE2006A86D1 /* Supporting Files */ = {
			isa = PBXGroup;
			children = (
				70D334071A83BAE2006A86D1 /* Info.plist */,
			);
			name = "Supporting Files";
			sourceTree = "<group>";
		};
		70D3341E1A83BAE3006A86D1 /* owlrTests */ = {
			isa = PBXGroup;
			children = (
				70D334211A83BAE3006A86D1 /* owlrTests.swift */,
				70D3341F1A83BAE3006A86D1 /* Supporting Files */,
			);
			path = owlrTests;
			sourceTree = "<group>";
		};
		70D3341F1A83BAE3006A86D1 /* Supporting Files */ = {
			isa = PBXGroup;
			children = (
				70D334201A83BAE3006A86D1 /* Info.plist */,
			);
			name = "Supporting Files";
			sourceTree = "<group>";
		};
		70D3342E1A844D83006A86D1 /* Products */ = {
			isa = PBXGroup;
			children = (
				70D334361A844D83006A86D1 /* SwifterDemoiOS.app */,
				70D334381A844D83006A86D1 /* SwifteriOS.framework */,
				70D3343A1A844D83006A86D1 /* SwifterMac.framework */,
				70D3343C1A844D83006A86D1 /* SwifterDemoMac.app */,
				70D3343E1A844D83006A86D1 /* SwifterDemoMacTests.xctest */,
			);
			name = Products;
			sourceTree = "<group>";
		};
		70D334421A847664006A86D1 /* images */ = {
			isa = PBXGroup;
			children = (
				3FF8CB0C1A870DB20067D0B2 /* searchButton.png */,
				3FF8CB121A8716B40067D0B2 /* OwlLogoNoBackground-01-1.png */,
				3FF8CB071A86CD0B0067D0B2 /* earthButton.png */,
				3FF8CAF61A86C12E0067D0B2 /* OwlLogo.jpg */,
				3F6152621A85CB6300990F99 /* startImage.png */,
				70D334431A847664006A86D1 /* checkers.png */,
				70D334441A847664006A86D1 /* imageNotFound.png */,
			);
			path = images;
			sourceTree = "<group>";
		};
		70D5B70D1A8827790037F137 /* Products */ = {
			isa = PBXGroup;
			children = (
				70D5B7121A88277A0037F137 /* OAuthSwiftDemo.app */,
				70D5B7141A88277A0037F137 /* OAuthSwift.framework */,
			);
			name = Products;
			sourceTree = "<group>";
		};
/* End PBXGroup section */

/* Begin PBXNativeTarget section */
		70D334021A83BAE2006A86D1 /* owlr */ = {
			isa = PBXNativeTarget;
			buildConfigurationList = 70D334251A83BAE3006A86D1 /* Build configuration list for PBXNativeTarget "owlr" */;
			buildPhases = (
				70D333FF1A83BAE2006A86D1 /* Sources */,
				70D334001A83BAE2006A86D1 /* Frameworks */,
				70D334011A83BAE2006A86D1 /* Resources */,
				70D5B6DF1A86EFD00037F137 /* Embed Frameworks */,
			);
			buildRules = (
			);
			dependencies = (
				70D5B6DE1A86EFD00037F137 /* PBXTargetDependency */,
				70D5B71B1A88279F0037F137 /* PBXTargetDependency */,
			);
			name = owlr;
			productName = owlr;
			productReference = 70D334031A83BAE2006A86D1 /* owlr.app */;
			productType = "com.apple.product-type.application";
		};
		70D3341A1A83BAE3006A86D1 /* owlrTests */ = {
			isa = PBXNativeTarget;
			buildConfigurationList = 70D334281A83BAE3006A86D1 /* Build configuration list for PBXNativeTarget "owlrTests" */;
			buildPhases = (
				70D334171A83BAE3006A86D1 /* Sources */,
				70D334181A83BAE3006A86D1 /* Frameworks */,
				70D334191A83BAE3006A86D1 /* Resources */,
			);
			buildRules = (
			);
			dependencies = (
				70D3341D1A83BAE3006A86D1 /* PBXTargetDependency */,
			);
			name = owlrTests;
			productName = owlrTests;
			productReference = 70D3341B1A83BAE3006A86D1 /* owlrTests.xctest */;
			productType = "com.apple.product-type.bundle.unit-test";
		};
/* End PBXNativeTarget section */

/* Begin PBXProject section */
		70D333FB1A83BAE2006A86D1 /* Project object */ = {
			isa = PBXProject;
			attributes = {
				LastUpgradeCheck = 0610;
				ORGANIZATIONNAME = "Kevin Carbone";
				TargetAttributes = {
					70D334021A83BAE2006A86D1 = {
						CreatedOnToolsVersion = 6.1.1;
						DevelopmentTeam = Q3LK4635JF;
					};
					70D3341A1A83BAE3006A86D1 = {
						CreatedOnToolsVersion = 6.1.1;
						DevelopmentTeam = Q3LK4635JF;
						TestTargetID = 70D334021A83BAE2006A86D1;
					};
				};
			};
			buildConfigurationList = 70D333FE1A83BAE2006A86D1 /* Build configuration list for PBXProject "owlr" */;
			compatibilityVersion = "Xcode 3.2";
			developmentRegion = English;
			hasScannedForEncodings = 0;
			knownRegions = (
				en,
				Base,
			);
			mainGroup = 70D333FA1A83BAE2006A86D1;
			productRefGroup = 70D334041A83BAE2006A86D1 /* Products */;
			projectDirPath = "";
			projectReferences = (
				{
					ProductGroup = 70D5B70D1A8827790037F137 /* Products */;
					ProjectRef = 70D5B70C1A8827790037F137 /* OAuthSwift.xcodeproj */;
				},
				{
					ProductGroup = 70D3342E1A844D83006A86D1 /* Products */;
					ProjectRef = 70D3342D1A844D83006A86D1 /* Swifter.xcodeproj */;
				},
			);
			projectRoot = "";
			targets = (
				70D334021A83BAE2006A86D1 /* owlr */,
				70D3341A1A83BAE3006A86D1 /* owlrTests */,
			);
		};
/* End PBXProject section */

/* Begin PBXReferenceProxy section */
		70D334361A844D83006A86D1 /* SwifterDemoiOS.app */ = {
			isa = PBXReferenceProxy;
			fileType = wrapper.application;
			path = SwifterDemoiOS.app;
			remoteRef = 70D334351A844D83006A86D1 /* PBXContainerItemProxy */;
			sourceTree = BUILT_PRODUCTS_DIR;
		};
		70D334381A844D83006A86D1 /* SwifteriOS.framework */ = {
			isa = PBXReferenceProxy;
			fileType = wrapper.framework;
			path = SwifteriOS.framework;
			remoteRef = 70D334371A844D83006A86D1 /* PBXContainerItemProxy */;
			sourceTree = BUILT_PRODUCTS_DIR;
		};
		70D3343A1A844D83006A86D1 /* SwifterMac.framework */ = {
			isa = PBXReferenceProxy;
			fileType = wrapper.framework;
			path = SwifterMac.framework;
			remoteRef = 70D334391A844D83006A86D1 /* PBXContainerItemProxy */;
			sourceTree = BUILT_PRODUCTS_DIR;
		};
		70D3343C1A844D83006A86D1 /* SwifterDemoMac.app */ = {
			isa = PBXReferenceProxy;
			fileType = wrapper.application;
			path = SwifterDemoMac.app;
			remoteRef = 70D3343B1A844D83006A86D1 /* PBXContainerItemProxy */;
			sourceTree = BUILT_PRODUCTS_DIR;
		};
		70D3343E1A844D83006A86D1 /* SwifterDemoMacTests.xctest */ = {
			isa = PBXReferenceProxy;
			fileType = wrapper.cfbundle;
			path = SwifterDemoMacTests.xctest;
			remoteRef = 70D3343D1A844D83006A86D1 /* PBXContainerItemProxy */;
			sourceTree = BUILT_PRODUCTS_DIR;
		};
		70D5B7121A88277A0037F137 /* OAuthSwiftDemo.app */ = {
			isa = PBXReferenceProxy;
			fileType = wrapper.application;
			path = OAuthSwiftDemo.app;
			remoteRef = 70D5B7111A88277A0037F137 /* PBXContainerItemProxy */;
			sourceTree = BUILT_PRODUCTS_DIR;
		};
		70D5B7141A88277A0037F137 /* OAuthSwift.framework */ = {
			isa = PBXReferenceProxy;
			fileType = wrapper.framework;
			path = OAuthSwift.framework;
			remoteRef = 70D5B7131A88277A0037F137 /* PBXContainerItemProxy */;
			sourceTree = BUILT_PRODUCTS_DIR;
		};
/* End PBXReferenceProxy section */

/* Begin PBXResourcesBuildPhase section */
		70D334011A83BAE2006A86D1 /* Resources */ = {
			isa = PBXResourcesBuildPhase;
			buildActionMask = 2147483647;
			files = (
				70D334111A83BAE3006A86D1 /* Main.storyboard in Resources */,
				3FF8CB131A8716B40067D0B2 /* OwlLogoNoBackground-01-1.png in Resources */,
				70D334161A83BAE3006A86D1 /* LaunchScreen.xib in Resources */,
				3FF8CB081A86CD0B0067D0B2 /* earthButton.png in Resources */,
				3F6152631A85CB6300990F99 /* startImage.png in Resources */,
				3FF8CAF71A86C12E0067D0B2 /* OwlLogo.jpg in Resources */,
				3FF8CB0D1A870DB20067D0B2 /* searchButton.png in Resources */,
				70D334131A83BAE3006A86D1 /* Images.xcassets in Resources */,
				70D334451A847664006A86D1 /* checkers.png in Resources */,
				70D334461A847664006A86D1 /* imageNotFound.png in Resources */,
			);
			runOnlyForDeploymentPostprocessing = 0;
		};
		70D334191A83BAE3006A86D1 /* Resources */ = {
			isa = PBXResourcesBuildPhase;
			buildActionMask = 2147483647;
			files = (
			);
			runOnlyForDeploymentPostprocessing = 0;
		};
/* End PBXResourcesBuildPhase section */

/* Begin PBXSourcesBuildPhase section */
		70D333FF1A83BAE2006A86D1 /* Sources */ = {
			isa = PBXSourcesBuildPhase;
			buildActionMask = 2147483647;
			files = (
				3F6152601A85BE8F00990F99 /* Photo.swift in Sources */,
				3F28F9081A84409100786801 /* APIController.swift in Sources */,
				70D5B6D41A86C6810037F137 /* SettingsViewController.swift in Sources */,
				70D3340E1A83BAE3006A86D1 /* ViewController.swift in Sources */,
				3F61525F1A85BE8F00990F99 /* ImageLoader.swift in Sources */,
				70D334091A83BAE2006A86D1 /* AppDelegate.swift in Sources */,
				70D3340C1A83BAE2006A86D1 /* owlr.xcdatamodeld in Sources */,
			);
			runOnlyForDeploymentPostprocessing = 0;
		};
		70D334171A83BAE3006A86D1 /* Sources */ = {
			isa = PBXSourcesBuildPhase;
			buildActionMask = 2147483647;
			files = (
				70D334221A83BAE3006A86D1 /* owlrTests.swift in Sources */,
			);
			runOnlyForDeploymentPostprocessing = 0;
		};
/* End PBXSourcesBuildPhase section */

/* Begin PBXTargetDependency section */
		70D3341D1A83BAE3006A86D1 /* PBXTargetDependency */ = {
			isa = PBXTargetDependency;
			target = 70D334021A83BAE2006A86D1 /* owlr */;
			targetProxy = 70D3341C1A83BAE3006A86D1 /* PBXContainerItemProxy */;
		};
		70D5B6DE1A86EFD00037F137 /* PBXTargetDependency */ = {
			isa = PBXTargetDependency;
			name = SwifteriOS;
			targetProxy = 70D5B6DD1A86EFD00037F137 /* PBXContainerItemProxy */;
		};
		70D5B71B1A88279F0037F137 /* PBXTargetDependency */ = {
			isa = PBXTargetDependency;
			name = OAuthSwift;
			targetProxy = 70D5B71A1A88279F0037F137 /* PBXContainerItemProxy */;
		};
/* End PBXTargetDependency section */

/* Begin PBXVariantGroup section */
		70D3340F1A83BAE3006A86D1 /* Main.storyboard */ = {
			isa = PBXVariantGroup;
			children = (
				70D334101A83BAE3006A86D1 /* Base */,
			);
			name = Main.storyboard;
			sourceTree = "<group>";
		};
		70D334141A83BAE3006A86D1 /* LaunchScreen.xib */ = {
			isa = PBXVariantGroup;
			children = (
				70D334151A83BAE3006A86D1 /* Base */,
			);
			name = LaunchScreen.xib;
			sourceTree = "<group>";
		};
/* End PBXVariantGroup section */

/* Begin XCBuildConfiguration section */
		70D334231A83BAE3006A86D1 /* Debug */ = {
			isa = XCBuildConfiguration;
			buildSettings = {
				ALWAYS_SEARCH_USER_PATHS = NO;
				CLANG_CXX_LANGUAGE_STANDARD = "gnu++0x";
				CLANG_CXX_LIBRARY = "libc++";
				CLANG_ENABLE_MODULES = YES;
				CLANG_ENABLE_OBJC_ARC = YES;
				CLANG_WARN_BOOL_CONVERSION = YES;
				CLANG_WARN_CONSTANT_CONVERSION = YES;
				CLANG_WARN_DIRECT_OBJC_ISA_USAGE = YES_ERROR;
				CLANG_WARN_EMPTY_BODY = YES;
				CLANG_WARN_ENUM_CONVERSION = YES;
				CLANG_WARN_INT_CONVERSION = YES;
				CLANG_WARN_OBJC_ROOT_CLASS = YES_ERROR;
				CLANG_WARN_UNREACHABLE_CODE = YES;
				CLANG_WARN__DUPLICATE_METHOD_MATCH = YES;
				"CODE_SIGN_IDENTITY[sdk=iphoneos*]" = "iPhone Developer";
				COPY_PHASE_STRIP = NO;
				ENABLE_STRICT_OBJC_MSGSEND = YES;
				GCC_C_LANGUAGE_STANDARD = gnu99;
				GCC_DYNAMIC_NO_PIC = NO;
				GCC_OPTIMIZATION_LEVEL = 0;
				GCC_PREPROCESSOR_DEFINITIONS = (
					"DEBUG=1",
					"$(inherited)",
				);
				GCC_SYMBOLS_PRIVATE_EXTERN = NO;
				GCC_WARN_64_TO_32_BIT_CONVERSION = YES;
				GCC_WARN_ABOUT_RETURN_TYPE = YES_ERROR;
				GCC_WARN_UNDECLARED_SELECTOR = YES;
				GCC_WARN_UNINITIALIZED_AUTOS = YES_AGGRESSIVE;
				GCC_WARN_UNUSED_FUNCTION = YES;
				GCC_WARN_UNUSED_VARIABLE = YES;
				IPHONEOS_DEPLOYMENT_TARGET = 8.1;
				MTL_ENABLE_DEBUG_INFO = YES;
				ONLY_ACTIVE_ARCH = YES;
				SDKROOT = iphoneos;
				SWIFT_OPTIMIZATION_LEVEL = "-Onone";
				TARGETED_DEVICE_FAMILY = "1,2";
			};
			name = Debug;
		};
		70D334241A83BAE3006A86D1 /* Release */ = {
			isa = XCBuildConfiguration;
			buildSettings = {
				ALWAYS_SEARCH_USER_PATHS = NO;
				CLANG_CXX_LANGUAGE_STANDARD = "gnu++0x";
				CLANG_CXX_LIBRARY = "libc++";
				CLANG_ENABLE_MODULES = YES;
				CLANG_ENABLE_OBJC_ARC = YES;
				CLANG_WARN_BOOL_CONVERSION = YES;
				CLANG_WARN_CONSTANT_CONVERSION = YES;
				CLANG_WARN_DIRECT_OBJC_ISA_USAGE = YES_ERROR;
				CLANG_WARN_EMPTY_BODY = YES;
				CLANG_WARN_ENUM_CONVERSION = YES;
				CLANG_WARN_INT_CONVERSION = YES;
				CLANG_WARN_OBJC_ROOT_CLASS = YES_ERROR;
				CLANG_WARN_UNREACHABLE_CODE = YES;
				CLANG_WARN__DUPLICATE_METHOD_MATCH = YES;
				"CODE_SIGN_IDENTITY[sdk=iphoneos*]" = "iPhone Developer";
				COPY_PHASE_STRIP = YES;
				ENABLE_NS_ASSERTIONS = NO;
				ENABLE_STRICT_OBJC_MSGSEND = YES;
				GCC_C_LANGUAGE_STANDARD = gnu99;
				GCC_WARN_64_TO_32_BIT_CONVERSION = YES;
				GCC_WARN_ABOUT_RETURN_TYPE = YES_ERROR;
				GCC_WARN_UNDECLARED_SELECTOR = YES;
				GCC_WARN_UNINITIALIZED_AUTOS = YES_AGGRESSIVE;
				GCC_WARN_UNUSED_FUNCTION = YES;
				GCC_WARN_UNUSED_VARIABLE = YES;
				IPHONEOS_DEPLOYMENT_TARGET = 8.1;
				MTL_ENABLE_DEBUG_INFO = NO;
				SDKROOT = iphoneos;
				TARGETED_DEVICE_FAMILY = "1,2";
				VALIDATE_PRODUCT = YES;
			};
			name = Release;
		};
		70D334261A83BAE3006A86D1 /* Debug */ = {
			isa = XCBuildConfiguration;
			buildSettings = {
				ASSETCATALOG_COMPILER_APPICON_NAME = AppIcon;
				CODE_SIGN_IDENTITY = "iPhone Developer";
				"CODE_SIGN_IDENTITY[sdk=iphoneos*]" = "iPhone Developer";
				EMBEDDED_CONTENT_CONTAINS_SWIFT = YES;
				INFOPLIST_FILE = owlr/Info.plist;
				LD_RUNPATH_SEARCH_PATHS = "$(inherited) @executable_path/Frameworks";
				PRODUCT_NAME = "$(TARGET_NAME)";
				PROVISIONING_PROFILE = "";
			};
			name = Debug;
		};
		70D334271A83BAE3006A86D1 /* Release */ = {
			isa = XCBuildConfiguration;
			buildSettings = {
				ASSETCATALOG_COMPILER_APPICON_NAME = AppIcon;
				CODE_SIGN_IDENTITY = "iPhone Developer";
				"CODE_SIGN_IDENTITY[sdk=iphoneos*]" = "iPhone Developer";
				EMBEDDED_CONTENT_CONTAINS_SWIFT = YES;
				INFOPLIST_FILE = owlr/Info.plist;
				LD_RUNPATH_SEARCH_PATHS = "$(inherited) @executable_path/Frameworks";
				PRODUCT_NAME = "$(TARGET_NAME)";
				PROVISIONING_PROFILE = "";
			};
			name = Release;
		};
		70D334291A83BAE3006A86D1 /* Debug */ = {
			isa = XCBuildConfiguration;
			buildSettings = {
				BUNDLE_LOADER = "$(TEST_HOST)";
				FRAMEWORK_SEARCH_PATHS = (
					"$(SDKROOT)/Developer/Library/Frameworks",
					"$(inherited)",
				);
				GCC_PREPROCESSOR_DEFINITIONS = (
					"DEBUG=1",
					"$(inherited)",
				);
				INFOPLIST_FILE = owlrTests/Info.plist;
				LD_RUNPATH_SEARCH_PATHS = "$(inherited) @executable_path/Frameworks @loader_path/Frameworks";
				PRODUCT_NAME = "$(TARGET_NAME)";
				TEST_HOST = "$(BUILT_PRODUCTS_DIR)/owlr.app/owlr";
			};
			name = Debug;
		};
		70D3342A1A83BAE3006A86D1 /* Release */ = {
			isa = XCBuildConfiguration;
			buildSettings = {
				BUNDLE_LOADER = "$(TEST_HOST)";
				FRAMEWORK_SEARCH_PATHS = (
					"$(SDKROOT)/Developer/Library/Frameworks",
					"$(inherited)",
				);
				INFOPLIST_FILE = owlrTests/Info.plist;
				LD_RUNPATH_SEARCH_PATHS = "$(inherited) @executable_path/Frameworks @loader_path/Frameworks";
				PRODUCT_NAME = "$(TARGET_NAME)";
				TEST_HOST = "$(BUILT_PRODUCTS_DIR)/owlr.app/owlr";
			};
			name = Release;
		};
/* End XCBuildConfiguration section */

/* Begin XCConfigurationList section */
		70D333FE1A83BAE2006A86D1 /* Build configuration list for PBXProject "owlr" */ = {
			isa = XCConfigurationList;
			buildConfigurations = (
				70D334231A83BAE3006A86D1 /* Debug */,
				70D334241A83BAE3006A86D1 /* Release */,
			);
			defaultConfigurationIsVisible = 0;
			defaultConfigurationName = Release;
		};
		70D334251A83BAE3006A86D1 /* Build configuration list for PBXNativeTarget "owlr" */ = {
			isa = XCConfigurationList;
			buildConfigurations = (
				70D334261A83BAE3006A86D1 /* Debug */,
				70D334271A83BAE3006A86D1 /* Release */,
			);
			defaultConfigurationIsVisible = 0;
			defaultConfigurationName = Release;
		};
		70D334281A83BAE3006A86D1 /* Build configuration list for PBXNativeTarget "owlrTests" */ = {
			isa = XCConfigurationList;
			buildConfigurations = (
				70D334291A83BAE3006A86D1 /* Debug */,
				70D3342A1A83BAE3006A86D1 /* Release */,
			);
			defaultConfigurationIsVisible = 0;
			defaultConfigurationName = Release;
		};
/* End XCConfigurationList section */

/* Begin XCVersionGroup section */
		70D3340A1A83BAE2006A86D1 /* owlr.xcdatamodeld */ = {
			isa = XCVersionGroup;
			children = (
				70D3340B1A83BAE2006A86D1 /* owlr.xcdatamodel */,
			);
			currentVersion = 70D3340B1A83BAE2006A86D1 /* owlr.xcdatamodel */;
			path = owlr.xcdatamodeld;
			sourceTree = "<group>";
			versionGroupType = wrapper.xcdatamodel;
		};
/* End XCVersionGroup section */
	};
	rootObject = 70D333FB1A83BAE2006A86D1 /* Project object */;
}
